
Microsoft Visual Studio Solution File, Format Version 12.00
# Visual Studio Version 16
VisualStudioVersion = 16.0.29215.179
MinimumVisualStudioVersion = 10.0.40219.1
Project("{FAE04EC0-301F-11D3-BF4B-00C04F79EFBC}") = "Greeting card", "Greeting card\Greeting card.csproj", "{EC90109C-54CB-4C2B-9C47-5F15E772EBA1}"
EndProject
Global
	GlobalSection(SolutionConfigurationPlatforms) = preSolution
		Debug|Any CPU = Debug|Any CPU
		Release|Any CPU = Release|Any CPU
	EndGlobalSection
	GlobalSection(ProjectConfigurationPlatforms) = postSolution
		{EC90109C-54CB-4C2B-9C47-5F15E772EBA1}.Debug|Any CPU.ActiveCfg = Debug|Any CPU
		{EC90109C-54CB-4C2B-9C47-5F15E772EBA1}.Debug|Any CPU.Build.0 = Debug|Any CPU
		{EC90109C-54CB-4C2B-9C47-5F15E772EBA1}.Release|Any CPU.ActiveCfg = Release|Any CPU
		{EC90109C-54CB-4C2B-9C47-5F15E772EBA1}.Release|Any CPU.Build.0 = Release|Any CPU
	EndGlobalSection
	GlobalSection(SolutionProperties) = preSolution
		HideSolutionNode = FALSE
	EndGlobalSection
	GlobalSection(ExtensibilityGlobals) = postSolution
		SolutionGuid = {CF646DBF-E076-400D-8716-FFCC499D5F05}
	EndGlobalSection
EndGlobal
